{
  "name": "dataform",
  "lockfileVersion": 2,
  "requires": true,
  "packages": {
    "": {
      "name": "dataform",
      "dependencies": {
        "@dataform/compat-for-dbt": "dev",
        "@dataform/compat-for-dbt-adapters": "dev",
        "@dataform/compat-for-dbt-bigquery": "dev"
      }
    },
    "node_modules/@dataform/compat-for-dbt": {
      "version": "0.0.2-dev.111",
      "resolved": "https://us-npm.pkg.dev/dataform-oss-build/compat-dbt-dev/@dataform/compat-for-dbt/-/@dataform/compat-for-dbt-0.0.2-dev.111.tgz",
      "integrity": "sha512-Mq+AZEs0AyoJEaWrbF65yIwScn3LniPkhf5jgT4ZUFUIgjv+IerO9vRszMrRTSa0pQDdWiC/P8Xz3flZuTqQbQ==",
      "dependencies": {
        "@dataform/core": "^3.0.46"
      },
      "engines": {
        "node": ">=25.0.0"
      }
    },
    "node_modules/@dataform/compat-for-dbt-adapters": {
      "version": "1.17.3-dev.0",
      "resolved": "https://us-npm.pkg.dev/dataform-oss-build/compat-dbt-dev/@dataform/compat-for-dbt-adapters/-/@dataform/compat-for-dbt-adapters-1.17.3-dev.0.tgz",
      "integrity": "sha512-c/OL2Ml7c/OxBqoTBGCebl5emN4yMmW1WT4J5dApnN6D1GrocJV33LaabTiqdNM/bmBcGKghGDKsbqmGN7B1Ug==",
      "license": "Apache-2.0"
    },
    "node_modules/@dataform/compat-for-dbt-bigquery": {
      "version": "1.10.2-dev.0",
      "resolved": "https://us-npm.pkg.dev/dataform-oss-build/compat-dbt-dev/@dataform/compat-for-dbt-bigquery/-/@dataform/compat-for-dbt-bigquery-1.10.2-dev.0.tgz",
      "integrity": "sha512-ZdUsWUHLN2nDS/byA/CcEo4yQfQAb2nBwALyKDv8+lZAAP1yzgqQPHHspm19esCFMUex5y09ImrGyEwYINeAjw==",
      "license": "Apache-2.0"
    },
    "node_modules/@dataform/core": {
      "version": "3.0.10048",
      "resolved": "https://us-npm.pkg.dev/dataform-oss-build/compat-dbt-dev/@dataform/core/-/@dataform/core-3.0.10048.tgz",
      "integrity": "sha512-Xz8hDu9NpUWpCAUJQpQNSycBN51yu+zSgv6rfTsRhePpQKfIsjhKk4nPOAd795C0e2zCpQ1zYc9b081NTnP50A==",
      "license": "Apache-2.0"
    }
  },
  "dependencies": {
    "@dataform/compat-for-dbt": {
      "version": "0.0.2-dev.111",
      "resolved": "https://us-npm.pkg.dev/dataform-oss-build/compat-dbt-dev/@dataform/compat-for-dbt/-/@dataform/compat-for-dbt-0.0.2-dev.111.tgz",
      "integrity": "sha512-Mq+AZEs0AyoJEaWrbF65yIwScn3LniPkhf5jgT4ZUFUIgjv+IerO9vRszMrRTSa0pQDdWiC/P8Xz3flZuTqQbQ==",
      "requires": {
        "@dataform/core": "^3.0.46"
      }
    },
    "@dataform/compat-for-dbt-adapters": {
      "version": "1.17.3-dev.0",
      "resolved": "https://us-npm.pkg.dev/dataform-oss-build/compat-dbt-dev/@dataform/compat-for-dbt-adapters/-/@dataform/compat-for-dbt-adapters-1.17.3-dev.0.tgz",
      "integrity": "sha512-c/OL2Ml7c/OxBqoTBGCebl5emN4yMmW1WT4J5dApnN6D1GrocJV33LaabTiqdNM/bmBcGKghGDKsbqmGN7B1Ug=="
    },
    "@dataform/compat-for-dbt-bigquery": {
      "version": "1.10.2-dev.0",
      "resolved": "https://us-npm.pkg.dev/dataform-oss-build/compat-dbt-dev/@dataform/compat-for-dbt-bigquery/-/@dataform/compat-for-dbt-bigquery-1.10.2-dev.0.tgz",
      "integrity": "sha512-ZdUsWUHLN2nDS/byA/CcEo4yQfQAb2nBwALyKDv8+lZAAP1yzgqQPHHspm19esCFMUex5y09ImrGyEwYINeAjw=="
    },
    "@dataform/core": {
      "version": "3.0.10048",
      "resolved": "https://us-npm.pkg.dev/dataform-oss-build/compat-dbt-dev/@dataform/core/-/@dataform/core-3.0.10048.tgz",
      "integrity": "sha512-Xz8hDu9NpUWpCAUJQpQNSycBN51yu+zSgv6rfTsRhePpQKfIsjhKk4nPOAd795C0e2zCpQ1zYc9b081NTnP50A=="
    }
  }
}
